// !$*UTF8*$!
{
	archiveVersion = 1;
	classes = {
	};
	objectVersion = 46;
	objects = {

/* Begin PBXBuildFile section */
		E985112D1AB1F2E900F02181 /* main.m in Sources */ = {isa = PBXBuildFile; fileRef = E985112C1AB1F2E900F02181 /* main.m */; };
		E98511301AB1F2E900F02181 /* AppDelegate.m in Sources */ = {isa = PBXBuildFile; fileRef = E985112F1AB1F2E900F02181 /* AppDelegate.m */; };
		E98511361AB1F2E900F02181 /* Main.storyboard in Resources */ = {isa = PBXBuildFile; fileRef = E98511341AB1F2E900F02181 /* Main.storyboard */; };
		E98511381AB1F2E900F02181 /* Images.xcassets in Resources */ = {isa = PBXBuildFile; fileRef = E98511371AB1F2E900F02181 /* Images.xcassets */; };
		E985113B1AB1F2E900F02181 /* LaunchScreen.xib in Resources */ = {isa = PBXBuildFile; fileRef = E98511391AB1F2E900F02181 /* LaunchScreen.xib */; };
		E98511471AB1F2E900F02181 /* jybookTests.m in Sources */ = {isa = PBXBuildFile; fileRef = E98511461AB1F2E900F02181 /* jybookTests.m */; };
		E98511581AB3172E00F02181 /* 碧血剑.jpg in Resources */ = {isa = PBXBuildFile; fileRef = E98511571AB3172E00F02181 /* 碧血剑.jpg */; };
		E985115A1AB317DA00F02181 /* 飞狐外传.jpg in Resources */ = {isa = PBXBuildFile; fileRef = E98511591AB317DA00F02181 /* 飞狐外传.jpg */; };
		E98511651AB3180B00F02181 /* 连城诀.jpg in Resources */ = {isa = PBXBuildFile; fileRef = E985115B1AB3180B00F02181 /* 连城诀.jpg */; };
		E98511661AB3180B00F02181 /* 鹿鼎记.jpg in Resources */ = {isa = PBXBuildFile; fileRef = E985115C1AB3180B00F02181 /* 鹿鼎记.jpg */; };
		E98511671AB3180B00F02181 /* 射雕英雄传.jpg in Resources */ = {isa = PBXBuildFile; fileRef = E985115D1AB3180B00F02181 /* 射雕英雄传.jpg */; };
		E98511681AB3180B00F02181 /* 神雕侠侣.jpg in Resources */ = {isa = PBXBuildFile; fileRef = E985115E1AB3180B00F02181 /* 神雕侠侣.jpg */; };
		E98511691AB3180B00F02181 /* 书剑恩仇录.jpg in Resources */ = {isa = PBXBuildFile; fileRef = E985115F1AB3180B00F02181 /* 书剑恩仇录.jpg */; };
		E985116A1AB3180B00F02181 /* 天龙八部.jpg in Resources */ = {isa = PBXBuildFile; fileRef = E98511601AB3180B00F02181 /* 天龙八部.jpg */; };
		E985116B1AB3180B00F02181 /* 侠客行.jpg in Resources */ = {isa = PBXBuildFile; fileRef = E98511611AB3180B00F02181 /* 侠客行.jpg */; };
		E985116C1AB3180B00F02181 /* 笑傲江湖.jpg in Resources */ = {isa = PBXBuildFile; fileRef = E98511621AB3180B00F02181 /* 笑傲江湖.jpg */; };
		E985116D1AB3180B00F02181 /* 雪山飞狐.jpg in Resources */ = {isa = PBXBuildFile; fileRef = E98511631AB3180B00F02181 /* 雪山飞狐.jpg */; };
		E985116E1AB3180B00F02181 /* 倚天屠龙记.jpg in Resources */ = {isa = PBXBuildFile; fileRef = E98511641AB3180B00F02181 /* 倚天屠龙记.jpg */; };
		E98511B61AB407EE00F02181 /* BookShelfViewController.m in Sources */ = {isa = PBXBuildFile; fileRef = E98511B51AB407EE00F02181 /* BookShelfViewController.m */; };
		E98511BC1AB4197B00F02181 /* Book.m in Sources */ = {isa = PBXBuildFile; fileRef = E98511BB1AB4197B00F02181 /* Book.m */; };
		E98511C41AB437C700F02181 /* BookViewController.m in Sources */ = {isa = PBXBuildFile; fileRef = E98511C31AB437C700F02181 /* BookViewController.m */; };
		E98511C71AB438A400F02181 /* BookCatalogTableViewCell.m in Sources */ = {isa = PBXBuildFile; fileRef = E98511C61AB438A400F02181 /* BookCatalogTableViewCell.m */; };
		E98511CA1AB4419900F02181 /* BookPageViewController.m in Sources */ = {isa = PBXBuildFile; fileRef = E98511C91AB4419900F02181 /* BookPageViewController.m */; };
		E98511CE1AB48E5B00F02181 /* 碧血剑.txt in Resources */ = {isa = PBXBuildFile; fileRef = E98511CD1AB48E5B00F02181 /* 碧血剑.txt */; };
		E98511D01AB48E7600F02181 /* 飞狐外传.txt in Resources */ = {isa = PBXBuildFile; fileRef = E98511CF1AB48E7600F02181 /* 飞狐外传.txt */; };
		E98511D21AB48E8A00F02181 /* 连城诀.txt in Resources */ = {isa = PBXBuildFile; fileRef = E98511D11AB48E8A00F02181 /* 连城诀.txt */; };
		E98511D61AB48EB100F02181 /* 射雕英雄传.txt in Resources */ = {isa = PBXBuildFile; fileRef = E98511D51AB48EB100F02181 /* 射雕英雄传.txt */; };
		E98511D81AB48EC000F02181 /* 神雕侠侣.txt in Resources */ = {isa = PBXBuildFile; fileRef = E98511D71AB48EC000F02181 /* 神雕侠侣.txt */; };
		E98511DA1AB48ECE00F02181 /* 书剑恩仇录.txt in Resources */ = {isa = PBXBuildFile; fileRef = E98511D91AB48ECE00F02181 /* 书剑恩仇录.txt */; };
		E98511DC1AB48EDD00F02181 /* 天龙八部.txt in Resources */ = {isa = PBXBuildFile; fileRef = E98511DB1AB48EDD00F02181 /* 天龙八部.txt */; };
		E98511E01AB48F0C00F02181 /* 笑傲江湖.txt in Resources */ = {isa = PBXBuildFile; fileRef = E98511DF1AB48F0C00F02181 /* 笑傲江湖.txt */; };
		E98511E21AB48F2500F02181 /* 雪山飞狐.txt in Resources */ = {isa = PBXBuildFile; fileRef = E98511E11AB48F2500F02181 /* 雪山飞狐.txt */; };
		E98511E41AB48F4200F02181 /* 倚天屠龙记.txt in Resources */ = {isa = PBXBuildFile; fileRef = E98511E31AB48F4200F02181 /* 倚天屠龙记.txt */; };
		E98511E61AB48F5600F02181 /* 鸳鸯刀.txt in Resources */ = {isa = PBXBuildFile; fileRef = E98511E51AB48F5600F02181 /* 鸳鸯刀.txt */; };
		E98511EC1AB4934800F02181 /* 白马啸西风.txt in Resources */ = {isa = PBXBuildFile; fileRef = E98511E91AB4934800F02181 /* 白马啸西风.txt */; };
		E98511ED1AB4934800F02181 /* 侠客行.txt in Resources */ = {isa = PBXBuildFile; fileRef = E98511EA1AB4934800F02181 /* 侠客行.txt */; };
		E98511EE1AB4934800F02181 /* 越女剑.txt in Resources */ = {isa = PBXBuildFile; fileRef = E98511EB1AB4934800F02181 /* 越女剑.txt */; };
		E98511F01AB494BC00F02181 /* 鹿鼎记.txt in Resources */ = {isa = PBXBuildFile; fileRef = E98511EF1AB494BC00F02181 /* 鹿鼎记.txt */; };
		E98511F41AB49A0A00F02181 /* 鸳鸯刀.jpg in Resources */ = {isa = PBXBuildFile; fileRef = E98511F31AB49A0A00F02181 /* 鸳鸯刀.jpg */; };
		E98511F81AB49B9C00F02181 /* 越女剑.jpg in Resources */ = {isa = PBXBuildFile; fileRef = E98511F71AB49B9C00F02181 /* 越女剑.jpg */; };
		E98511FA1AB49C8C00F02181 /* 白马啸西风.jpg in Resources */ = {isa = PBXBuildFile; fileRef = E98511F91AB49C8C00F02181 /* 白马啸西风.jpg */; };
/* End PBXBuildFile section */

/* Begin PBXContainerItemProxy section */
		E98511411AB1F2E900F02181 /* PBXContainerItemProxy */ = {
			isa = PBXContainerItemProxy;
			containerPortal = E985111F1AB1F2E900F02181 /* Project object */;
			proxyType = 1;
			remoteGlobalIDString = E98511261AB1F2E900F02181;
			remoteInfo = jybook;
		};
/* End PBXContainerItemProxy section */

/* Begin PBXFileReference section */
		E98511271AB1F2E900F02181 /* 金庸全集.app */ = {isa = PBXFileReference; explicitFileType = wrapper.application; includeInIndex = 0; path = "金庸全集.app"; sourceTree = BUILT_PRODUCTS_DIR; };
		E985112B1AB1F2E900F02181 /* Info.plist */ = {isa = PBXFileReference; lastKnownFileType = text.plist.xml; path = Info.plist; sourceTree = "<group>"; };
		E985112C1AB1F2E900F02181 /* main.m */ = {isa = PBXFileReference; lastKnownFileType = sourcecode.c.objc; path = main.m; sourceTree = "<group>"; };
		E985112E1AB1F2E900F02181 /* AppDelegate.h */ = {isa = PBXFileReference; lastKnownFileType = sourcecode.c.h; path = AppDelegate.h; sourceTree = "<group>"; };
		E985112F1AB1F2E900F02181 /* AppDelegate.m */ = {isa = PBXFileReference; lastKnownFileType = sourcecode.c.objc; path = AppDelegate.m; sourceTree = "<group>"; };
		E98511351AB1F2E900F02181 /* Base */ = {isa = PBXFileReference; lastKnownFileType = file.storyboard; name = Base; path = Base.lproj/Main.storyboard; sourceTree = "<group>"; };
		E98511371AB1F2E900F02181 /* Images.xcassets */ = {isa = PBXFileReference; lastKnownFileType = folder.assetcatalog; path = Images.xcassets; sourceTree = "<group>"; };
		E985113A1AB1F2E900F02181 /* Base */ = {isa = PBXFileReference; lastKnownFileType = file.xib; name = Base; path = Base.lproj/LaunchScreen.xib; sourceTree = "<group>"; };
		E98511401AB1F2E900F02181 /* jybookTests.xctest */ = {isa = PBXFileReference; explicitFileType = wrapper.cfbundle; includeInIndex = 0; path = jybookTests.xctest; sourceTree = BUILT_PRODUCTS_DIR; };
		E98511451AB1F2E900F02181 /* Info.plist */ = {isa = PBXFileReference; lastKnownFileType = text.plist.xml; path = Info.plist; sourceTree = "<group>"; };
		E98511461AB1F2E900F02181 /* jybookTests.m */ = {isa = PBXFileReference; lastKnownFileType = sourcecode.c.objc; path = jybookTests.m; sourceTree = "<group>"; };
		E98511571AB3172E00F02181 /* 碧血剑.jpg */ = {isa = PBXFileReference; lastKnownFileType = image.jpeg; path = "碧血剑.jpg"; sourceTree = "<group>"; };
		E98511591AB317DA00F02181 /* 飞狐外传.jpg */ = {isa = PBXFileReference; lastKnownFileType = image.jpeg; path = "飞狐外传.jpg"; sourceTree = "<group>"; };
		E985115B1AB3180B00F02181 /* 连城诀.jpg */ = {isa = PBXFileReference; lastKnownFileType = image.jpeg; path = "连城诀.jpg"; sourceTree = "<group>"; };
		E985115C1AB3180B00F02181 /* 鹿鼎记.jpg */ = {isa = PBXFileReference; lastKnownFileType = image.jpeg; path = "鹿鼎记.jpg"; sourceTree = "<group>"; };
		E985115D1AB3180B00F02181 /* 射雕英雄传.jpg */ = {isa = PBXFileReference; lastKnownFileType = image.jpeg; path = "射雕英雄传.jpg"; sourceTree = "<group>"; };
		E985115E1AB3180B00F02181 /* 神雕侠侣.jpg */ = {isa = PBXFileReference; lastKnownFileType = image.jpeg; path = "神雕侠侣.jpg"; sourceTree = "<group>"; };
		E985115F1AB3180B00F02181 /* 书剑恩仇录.jpg */ = {isa = PBXFileReference; lastKnownFileType = image.jpeg; path = "书剑恩仇录.jpg"; sourceTree = "<group>"; };
		E98511601AB3180B00F02181 /* 天龙八部.jpg */ = {isa = PBXFileReference; lastKnownFileType = image.jpeg; path = "天龙八部.jpg"; sourceTree = "<group>"; };
		E98511611AB3180B00F02181 /* 侠客行.jpg */ = {isa = PBXFileReference; lastKnownFileType = image.jpeg; path = "侠客行.jpg"; sourceTree = "<group>"; };
		E98511621AB3180B00F02181 /* 笑傲江湖.jpg */ = {isa = PBXFileReference; lastKnownFileType = image.jpeg; path = "笑傲江湖.jpg"; sourceTree = "<group>"; };
		E98511631AB3180B00F02181 /* 雪山飞狐.jpg */ = {isa = PBXFileReference; lastKnownFileType = image.jpeg; path = "雪山飞狐.jpg"; sourceTree = "<group>"; };
		E98511641AB3180B00F02181 /* 倚天屠龙记.jpg */ = {isa = PBXFileReference; lastKnownFileType = image.jpeg; path = "倚天屠龙记.jpg"; sourceTree = "<group>"; };
		E98511B41AB407EE00F02181 /* BookShelfViewController.h */ = {isa = PBXFileReference; fileEncoding = 4; lastKnownFileType = sourcecode.c.h; path = BookShelfViewController.h; sourceTree = "<group>"; };
		E98511B51AB407EE00F02181 /* BookShelfViewController.m */ = {isa = PBXFileReference; fileEncoding = 4; lastKnownFileType = sourcecode.c.objc; path = BookShelfViewController.m; sourceTree = "<group>"; };
		E98511BA1AB4197B00F02181 /* Book.h */ = {isa = PBXFileReference; fileEncoding = 4; lastKnownFileType = sourcecode.c.h; path = Book.h; sourceTree = "<group>"; };
		E98511BB1AB4197B00F02181 /* Book.m */ = {isa = PBXFileReference; fileEncoding = 4; lastKnownFileType = sourcecode.c.objc; path = Book.m; sourceTree = "<group>"; };
		E98511C21AB437C700F02181 /* BookViewController.h */ = {isa = PBXFileReference; fileEncoding = 4; lastKnownFileType = sourcecode.c.h; path = BookViewController.h; sourceTree = "<group>"; };
		E98511C31AB437C700F02181 /* BookViewController.m */ = {isa = PBXFileReference; fileEncoding = 4; lastKnownFileType = sourcecode.c.objc; path = BookViewController.m; sourceTree = "<group>"; };
		E98511C51AB438A400F02181 /* BookCatalogTableViewCell.h */ = {isa = PBXFileReference; fileEncoding = 4; lastKnownFileType = sourcecode.c.h; path = BookCatalogTableViewCell.h; sourceTree = "<group>"; };
		E98511C61AB438A400F02181 /* BookCatalogTableViewCell.m */ = {isa = PBXFileReference; fileEncoding = 4; lastKnownFileType = sourcecode.c.objc; path = BookCatalogTableViewCell.m; sourceTree = "<group>"; };
		E98511C81AB4419900F02181 /* BookPageViewController.h */ = {isa = PBXFileReference; fileEncoding = 4; lastKnownFileType = sourcecode.c.h; path = BookPageViewController.h; sourceTree = "<group>"; };
		E98511C91AB4419900F02181 /* BookPageViewController.m */ = {isa = PBXFileReference; fileEncoding = 4; lastKnownFileType = sourcecode.c.objc; path = BookPageViewController.m; sourceTree = "<group>"; };
		E98511CD1AB48E5B00F02181 /* 碧血剑.txt */ = {isa = PBXFileReference; fileEncoding = 4; lastKnownFileType = text; path = "碧血剑.txt"; sourceTree = "<group>"; };
		E98511CF1AB48E7600F02181 /* 飞狐外传.txt */ = {isa = PBXFileReference; fileEncoding = 4; lastKnownFileType = text; path = "飞狐外传.txt"; sourceTree = "<group>"; };
		E98511D11AB48E8A00F02181 /* 连城诀.txt */ = {isa = PBXFileReference; fileEncoding = 4; lastKnownFileType = text; path = "连城诀.txt"; sourceTree = "<group>"; };
		E98511D51AB48EB100F02181 /* 射雕英雄传.txt */ = {isa = PBXFileReference; fileEncoding = 4; lastKnownFileType = text; path = "射雕英雄传.txt"; sourceTree = "<group>"; };
		E98511D71AB48EC000F02181 /* 神雕侠侣.txt */ = {isa = PBXFileReference; fileEncoding = 4; lastKnownFileType = text; path = "神雕侠侣.txt"; sourceTree = "<group>"; };
		E98511D91AB48ECE00F02181 /* 书剑恩仇录.txt */ = {isa = PBXFileReference; fileEncoding = 4; lastKnownFileType = text; path = "书剑恩仇录.txt"; sourceTree = "<group>"; };
		E98511DB1AB48EDD00F02181 /* 天龙八部.txt */ = {isa = PBXFileReference; fileEncoding = 4; lastKnownFileType = text; path = "天龙八部.txt"; sourceTree = "<group>"; };
		E98511DF1AB48F0C00F02181 /* 笑傲江湖.txt */ = {isa = PBXFileReference; fileEncoding = 4; lastKnownFileType = text; path = "笑傲江湖.txt"; sourceTree = "<group>"; };
		E98511E11AB48F2500F02181 /* 雪山飞狐.txt */ = {isa = PBXFileReference; fileEncoding = 4; lastKnownFileType = text; path = "雪山飞狐.txt"; sourceTree = "<group>"; };
		E98511E31AB48F4200F02181 /* 倚天屠龙记.txt */ = {isa = PBXFileReference; fileEncoding = 4; lastKnownFileType = text; path = "倚天屠龙记.txt"; sourceTree = "<group>"; };
		E98511E51AB48F5600F02181 /* 鸳鸯刀.txt */ = {isa = PBXFileReference; fileEncoding = 4; lastKnownFileType = text; path = "鸳鸯刀.txt"; sourceTree = "<group>"; };
		E98511E91AB4934800F02181 /* 白马啸西风.txt */ = {isa = PBXFileReference; fileEncoding = 4; lastKnownFileType = text; path = "白马啸西风.txt"; sourceTree = "<group>"; };
		E98511EA1AB4934800F02181 /* 侠客行.txt */ = {isa = PBXFileReference; fileEncoding = 4; lastKnownFileType = text; path = "侠客行.txt"; sourceTree = "<group>"; };
		E98511EB1AB4934800F02181 /* 越女剑.txt */ = {isa = PBXFileReference; fileEncoding = 4; lastKnownFileType = text; path = "越女剑.txt"; sourceTree = "<group>"; };
		E98511EF1AB494BC00F02181 /* 鹿鼎记.txt */ = {isa = PBXFileReference; fileEncoding = 4; lastKnownFileType = text; path = "鹿鼎记.txt"; sourceTree = "<group>"; };
		E98511F31AB49A0A00F02181 /* 鸳鸯刀.jpg */ = {isa = PBXFileReference; lastKnownFileType = image.jpeg; path = "鸳鸯刀.jpg"; sourceTree = "<group>"; };
		E98511F71AB49B9C00F02181 /* 越女剑.jpg */ = {isa = PBXFileReference; lastKnownFileType = image.jpeg; path = "越女剑.jpg"; sourceTree = "<group>"; };
		E98511F91AB49C8C00F02181 /* 白马啸西风.jpg */ = {isa = PBXFileReference; lastKnownFileType = image.jpeg; path = "白马啸西风.jpg"; sourceTree = "<group>"; };
/* End PBXFileReference section */

/* Begin PBXFrameworksBuildPhase section */
		E98511241AB1F2E900F02181 /* Frameworks */ = {
			isa = PBXFrameworksBuildPhase;
			buildActionMask = 2147483647;
			files = (
			);
			runOnlyForDeploymentPostprocessing = 0;
		};
		E985113D1AB1F2E900F02181 /* Frameworks */ = {
			isa = PBXFrameworksBuildPhase;
			buildActionMask = 2147483647;
			files = (
			);
			runOnlyForDeploymentPostprocessing = 0;
		};
/* End PBXFrameworksBuildPhase section */

/* Begin PBXGroup section */
		E985111E1AB1F2E900F02181 = {
			isa = PBXGroup;
			children = (
				E98511291AB1F2E900F02181 /* jybook */,
				E98511431AB1F2E900F02181 /* jybookTests */,
				E98511281AB1F2E900F02181 /* Products */,
			);
			sourceTree = "<group>";
		};
		E98511281AB1F2E900F02181 /* Products */ = {
			isa = PBXGroup;
			children = (
				E98511271AB1F2E900F02181 /* 金庸全集.app */,
				E98511401AB1F2E900F02181 /* jybookTests.xctest */,
			);
			name = Products;
			sourceTree = "<group>";
		};
		E98511291AB1F2E900F02181 /* jybook */ = {
			isa = PBXGroup;
			children = (
				E98511561AB3170100F02181 /* image */,
				E98511511AB3117800F02181 /* book */,
				E98511371AB1F2E900F02181 /* Images.xcassets */,
				E985112A1AB1F2E900F02181 /* Supporting Files */,
				E98511B41AB407EE00F02181 /* BookShelfViewController.h */,
				E98511B51AB407EE00F02181 /* BookShelfViewController.m */,
				E98511BA1AB4197B00F02181 /* Book.h */,
				E98511BB1AB4197B00F02181 /* Book.m */,
				E98511C21AB437C700F02181 /* BookViewController.h */,
				E98511C31AB437C700F02181 /* BookViewController.m */,
				E98511C51AB438A400F02181 /* BookCatalogTableViewCell.h */,
				E98511C61AB438A400F02181 /* BookCatalogTableViewCell.m */,
				E98511C81AB4419900F02181 /* BookPageViewController.h */,
				E98511C91AB4419900F02181 /* BookPageViewController.m */,
			);
			path = jybook;
			sourceTree = "<group>";
		};
		E985112A1AB1F2E900F02181 /* Supporting Files */ = {
			isa = PBXGroup;
			children = (
				E98511391AB1F2E900F02181 /* LaunchScreen.xib */,
				E985112E1AB1F2E900F02181 /* AppDelegate.h */,
				E985112F1AB1F2E900F02181 /* AppDelegate.m */,
				E98511341AB1F2E900F02181 /* Main.storyboard */,
				E985112B1AB1F2E900F02181 /* Info.plist */,
				E985112C1AB1F2E900F02181 /* main.m */,
			);
			name = "Supporting Files";
			sourceTree = "<group>";
		};
		E98511431AB1F2E900F02181 /* jybookTests */ = {
			isa = PBXGroup;
			children = (
				E98511461AB1F2E900F02181 /* jybookTests.m */,
				E98511441AB1F2E900F02181 /* Supporting Files */,
			);
			path = jybookTests;
			sourceTree = "<group>";
		};
		E98511441AB1F2E900F02181 /* Supporting Files */ = {
			isa = PBXGroup;
			children = (
				E98511451AB1F2E900F02181 /* Info.plist */,
			);
			name = "Supporting Files";
			sourceTree = "<group>";
		};
		E98511511AB3117800F02181 /* book */ = {
			isa = PBXGroup;
			children = (
				E98511EF1AB494BC00F02181 /* 鹿鼎记.txt */,
				E98511E91AB4934800F02181 /* 白马啸西风.txt */,
				E98511EA1AB4934800F02181 /* 侠客行.txt */,
				E98511EB1AB4934800F02181 /* 越女剑.txt */,
				E98511E51AB48F5600F02181 /* 鸳鸯刀.txt */,
				E98511E31AB48F4200F02181 /* 倚天屠龙记.txt */,
				E98511E11AB48F2500F02181 /* 雪山飞狐.txt */,
				E98511DF1AB48F0C00F02181 /* 笑傲江湖.txt */,
				E98511DB1AB48EDD00F02181 /* 天龙八部.txt */,
				E98511D91AB48ECE00F02181 /* 书剑恩仇录.txt */,
				E98511D71AB48EC000F02181 /* 神雕侠侣.txt */,
				E98511D51AB48EB100F02181 /* 射雕英雄传.txt */,
				E98511D11AB48E8A00F02181 /* 连城诀.txt */,
				E98511CF1AB48E7600F02181 /* 飞狐外传.txt */,
				E98511CD1AB48E5B00F02181 /* 碧血剑.txt */,
			);
			name = book;
			sourceTree = "<group>";
		};
		E98511561AB3170100F02181 /* image */ = {
			isa = PBXGroup;
			children = (
				E98511F91AB49C8C00F02181 /* 白马啸西风.jpg */,
				E98511F71AB49B9C00F02181 /* 越女剑.jpg */,
				E98511F31AB49A0A00F02181 /* 鸳鸯刀.jpg */,
				E985115B1AB3180B00F02181 /* 连城诀.jpg */,
				E985115C1AB3180B00F02181 /* 鹿鼎记.jpg */,
				E985115D1AB3180B00F02181 /* 射雕英雄传.jpg */,
				E985115E1AB3180B00F02181 /* 神雕侠侣.jpg */,
				E985115F1AB3180B00F02181 /* 书剑恩仇录.jpg */,
				E98511601AB3180B00F02181 /* 天龙八部.jpg */,
				E98511611AB3180B00F02181 /* 侠客行.jpg */,
				E98511621AB3180B00F02181 /* 笑傲江湖.jpg */,
				E98511631AB3180B00F02181 /* 雪山飞狐.jpg */,
				E98511641AB3180B00F02181 /* 倚天屠龙记.jpg */,
				E98511591AB317DA00F02181 /* 飞狐外传.jpg */,
				E98511571AB3172E00F02181 /* 碧血剑.jpg */,
			);
			name = image;
			sourceTree = "<group>";
		};
/* End PBXGroup section */

/* Begin PBXNativeTarget section */
		E98511261AB1F2E900F02181 /* jybook */ = {
			isa = PBXNativeTarget;
			buildConfigurationList = E985114A1AB1F2E900F02181 /* Build configuration list for PBXNativeTarget "jybook" */;
			buildPhases = (
				E98511231AB1F2E900F02181 /* Sources */,
				E98511241AB1F2E900F02181 /* Frameworks */,
				E98511251AB1F2E900F02181 /* Resources */,
			);
			buildRules = (
			);
			dependencies = (
			);
			name = jybook;
			productName = jybook;
			productReference = E98511271AB1F2E900F02181 /* 金庸全集.app */;
			productType = "com.apple.product-type.application";
		};
		E985113F1AB1F2E900F02181 /* jybookTests */ = {
			isa = PBXNativeTarget;
			buildConfigurationList = E985114D1AB1F2E900F02181 /* Build configuration list for PBXNativeTarget "jybookTests" */;
			buildPhases = (
				E985113C1AB1F2E900F02181 /* Sources */,
				E985113D1AB1F2E900F02181 /* Frameworks */,
				E985113E1AB1F2E900F02181 /* Resources */,
			);
			buildRules = (
			);
			dependencies = (
				E98511421AB1F2E900F02181 /* PBXTargetDependency */,
			);
			name = jybookTests;
			productName = jybookTests;
			productReference = E98511401AB1F2E900F02181 /* jybookTests.xctest */;
			productType = "com.apple.product-type.bundle.unit-test";
		};
/* End PBXNativeTarget section */

/* Begin PBXProject section */
		E985111F1AB1F2E900F02181 /* Project object */ = {
			isa = PBXProject;
			attributes = {
				LastUpgradeCheck = 0620;
				ORGANIZATIONNAME = yilang;
				TargetAttributes = {
					E98511261AB1F2E900F02181 = {
						CreatedOnToolsVersion = 6.2;
					};
					E985113F1AB1F2E900F02181 = {
						CreatedOnToolsVersion = 6.2;
						TestTargetID = E98511261AB1F2E900F02181;
					};
				};
			};
			buildConfigurationList = E98511221AB1F2E900F02181 /* Build configuration list for PBXProject "jybook" */;
			compatibilityVersion = "Xcode 3.2";
			developmentRegion = English;
			hasScannedForEncodings = 0;
			knownRegions = (
				en,
				Base,
			);
			mainGroup = E985111E1AB1F2E900F02181;
			productRefGroup = E98511281AB1F2E900F02181 /* Products */;
			projectDirPath = "";
			projectRoot = "";
			targets = (
				E98511261AB1F2E900F02181 /* jybook */,
				E985113F1AB1F2E900F02181 /* jybookTests */,
			);
		};
/* End PBXProject section */

/* Begin PBXResourcesBuildPhase section */
		E98511251AB1F2E900F02181 /* Resources */ = {
			isa = PBXResourcesBuildPhase;
			buildActionMask = 2147483647;
			files = (
				E98511361AB1F2E900F02181 /* Main.storyboard in Resources */,
				E98511F41AB49A0A00F02181 /* 鸳鸯刀.jpg in Resources */,
				E98511E21AB48F2500F02181 /* 雪山飞狐.txt in Resources */,
				E98511ED1AB4934800F02181 /* 侠客行.txt in Resources */,
				E98511DC1AB48EDD00F02181 /* 天龙八部.txt in Resources */,
				E985116B1AB3180B00F02181 /* 侠客行.jpg in Resources */,
				E98511681AB3180B00F02181 /* 神雕侠侣.jpg in Resources */,
				E98511E41AB48F4200F02181 /* 倚天屠龙记.txt in Resources */,
				E98511EE1AB4934800F02181 /* 越女剑.txt in Resources */,
				E98511E01AB48F0C00F02181 /* 笑傲江湖.txt in Resources */,
				E98511D01AB48E7600F02181 /* 飞狐外传.txt in Resources */,
				E98511671AB3180B00F02181 /* 射雕英雄传.jpg in Resources */,
				E985116A1AB3180B00F02181 /* 天龙八部.jpg in Resources */,
				E98511CE1AB48E5B00F02181 /* 碧血剑.txt in Resources */,
				E985115A1AB317DA00F02181 /* 飞狐外传.jpg in Resources */,
				E98511661AB3180B00F02181 /* 鹿鼎记.jpg in Resources */,
				E98511FA1AB49C8C00F02181 /* 白马啸西风.jpg in Resources */,
				E985113B1AB1F2E900F02181 /* LaunchScreen.xib in Resources */,
				E98511651AB3180B00F02181 /* 连城诀.jpg in Resources */,
				E98511D21AB48E8A00F02181 /* 连城诀.txt in Resources */,
				E98511581AB3172E00F02181 /* 碧血剑.jpg in Resources */,
				E98511E61AB48F5600F02181 /* 鸳鸯刀.txt in Resources */,
				E98511F01AB494BC00F02181 /* 鹿鼎记.txt in Resources */,
				E98511D61AB48EB100F02181 /* 射雕英雄传.txt in Resources */,
				E985116D1AB3180B00F02181 /* 雪山飞狐.jpg in Resources */,
				E98511381AB1F2E900F02181 /* Images.xcassets in Resources */,
				E98511DA1AB48ECE00F02181 /* 书剑恩仇录.txt in Resources */,
				E985116E1AB3180B00F02181 /* 倚天屠龙记.jpg in Resources */,
				E98511F81AB49B9C00F02181 /* 越女剑.jpg in Resources */,
				E98511691AB3180B00F02181 /* 书剑恩仇录.jpg in Resources */,
				E98511EC1AB4934800F02181 /* 白马啸西风.txt in Resources */,
				E98511D81AB48EC000F02181 /* 神雕侠侣.txt in Resources */,
				E985116C1AB3180B00F02181 /* 笑傲江湖.jpg in Resources */,
			);
			runOnlyForDeploymentPostprocessing = 0;
		};
		E985113E1AB1F2E900F02181 /* Resources */ = {
			isa = PBXResourcesBuildPhase;
			buildActionMask = 2147483647;
			files = (
			);
			runOnlyForDeploymentPostprocessing = 0;
		};
/* End PBXResourcesBuildPhase section */

/* Begin PBXSourcesBuildPhase section */
		E98511231AB1F2E900F02181 /* Sources */ = {
			isa = PBXSourcesBuildPhase;
			buildActionMask = 2147483647;
			files = (
				E98511CA1AB4419900F02181 /* BookPageViewController.m in Sources */,
				E98511C41AB437C700F02181 /* BookViewController.m in Sources */,
				E98511BC1AB4197B00F02181 /* Book.m in Sources */,
				E98511C71AB438A400F02181 /* BookCatalogTableViewCell.m in Sources */,
				E98511301AB1F2E900F02181 /* AppDelegate.m in Sources */,
				E985112D1AB1F2E900F02181 /* main.m in Sources */,
				E98511B61AB407EE00F02181 /* BookShelfViewController.m in Sources */,
			);
			runOnlyForDeploymentPostprocessing = 0;
		};
		E985113C1AB1F2E900F02181 /* Sources */ = {
			isa = PBXSourcesBuildPhase;
			buildActionMask = 2147483647;
			files = (
				E98511471AB1F2E900F02181 /* jybookTests.m in Sources */,
			);
			runOnlyForDeploymentPostprocessing = 0;
		};
/* End PBXSourcesBuildPhase section */

/* Begin PBXTargetDependency section */
		E98511421AB1F2E900F02181 /* PBXTargetDependency */ = {
			isa = PBXTargetDependency;
			target = E98511261AB1F2E900F02181 /* jybook */;
			targetProxy = E98511411AB1F2E900F02181 /* PBXContainerItemProxy */;
		};
/* End PBXTargetDependency section */

/* Begin PBXVariantGroup section */
		E98511341AB1F2E900F02181 /* Main.storyboard */ = {
			isa = PBXVariantGroup;
			children = (
				E98511351AB1F2E900F02181 /* Base */,
			);
			name = Main.storyboard;
			sourceTree = "<group>";
		};
		E98511391AB1F2E900F02181 /* LaunchScreen.xib */ = {
			isa = PBXVariantGroup;
			children = (
				E985113A1AB1F2E900F02181 /* Base */,
			);
			name = LaunchScreen.xib;
			sourceTree = "<group>";
		};
/* End PBXVariantGroup section */

/* Begin XCBuildConfiguration section */
		E98511481AB1F2E900F02181 /* Debug */ = {
			isa = XCBuildConfiguration;
			buildSettings = {
				ALWAYS_SEARCH_USER_PATHS = NO;
				CLANG_CXX_LANGUAGE_STANDARD = "gnu++0x";
				CLANG_CXX_LIBRARY = "libc++";
				CLANG_ENABLE_MODULES = YES;
				CLANG_ENABLE_OBJC_ARC = YES;
				CLANG_WARN_BOOL_CONVERSION = YES;
				CLANG_WARN_CONSTANT_CONVERSION = YES;
				CLANG_WARN_DIRECT_OBJC_ISA_USAGE = YES_ERROR;
				CLANG_WARN_EMPTY_BODY = YES;
				CLANG_WARN_ENUM_CONVERSION = YES;
				CLANG_WARN_INT_CONVERSION = YES;
				CLANG_WARN_OBJC_ROOT_CLASS = YES_ERROR;
				CLANG_WARN_UNREACHABLE_CODE = YES;
				CLANG_WARN__DUPLICATE_METHOD_MATCH = YES;
				"CODE_SIGN_IDENTITY[sdk=iphoneos*]" = "iPhone Developer";
				COPY_PHASE_STRIP = NO;
				ENABLE_STRICT_OBJC_MSGSEND = YES;
				GCC_C_LANGUAGE_STANDARD = gnu99;
				GCC_DYNAMIC_NO_PIC = NO;
				GCC_OPTIMIZATION_LEVEL = 0;
				GCC_PREPROCESSOR_DEFINITIONS = (
					"DEBUG=1",
					"$(inherited)",
				);
				GCC_SYMBOLS_PRIVATE_EXTERN = NO;
				GCC_WARN_64_TO_32_BIT_CONVERSION = YES;
				GCC_WARN_ABOUT_RETURN_TYPE = YES_ERROR;
				GCC_WARN_UNDECLARED_SELECTOR = YES;
				GCC_WARN_UNINITIALIZED_AUTOS = YES_AGGRESSIVE;
				GCC_WARN_UNUSED_FUNCTION = YES;
				GCC_WARN_UNUSED_VARIABLE = YES;
				IPHONEOS_DEPLOYMENT_TARGET = 8.2;
				MTL_ENABLE_DEBUG_INFO = YES;
				ONLY_ACTIVE_ARCH = YES;
				SDKROOT = iphoneos;
			};
			name = Debug;
		};
		E98511491AB1F2E900F02181 /* Release */ = {
			isa = XCBuildConfiguration;
			buildSettings = {
				ALWAYS_SEARCH_USER_PATHS = NO;
				CLANG_CXX_LANGUAGE_STANDARD = "gnu++0x";
				CLANG_CXX_LIBRARY = "libc++";
				CLANG_ENABLE_MODULES = YES;
				CLANG_ENABLE_OBJC_ARC = YES;
				CLANG_WARN_BOOL_CONVERSION = YES;
				CLANG_WARN_CONSTANT_CONVERSION = YES;
				CLANG_WARN_DIRECT_OBJC_ISA_USAGE = YES_ERROR;
				CLANG_WARN_EMPTY_BODY = YES;
				CLANG_WARN_ENUM_CONVERSION = YES;
				CLANG_WARN_INT_CONVERSION = YES;
				CLANG_WARN_OBJC_ROOT_CLASS = YES_ERROR;
				CLANG_WARN_UNREACHABLE_CODE = YES;
				CLANG_WARN__DUPLICATE_METHOD_MATCH = YES;
				"CODE_SIGN_IDENTITY[sdk=iphoneos*]" = "iPhone Developer";
				COPY_PHASE_STRIP = NO;
				ENABLE_NS_ASSERTIONS = NO;
				ENABLE_STRICT_OBJC_MSGSEND = YES;
				GCC_C_LANGUAGE_STANDARD = gnu99;
				GCC_WARN_64_TO_32_BIT_CONVERSION = YES;
				GCC_WARN_ABOUT_RETURN_TYPE = YES_ERROR;
				GCC_WARN_UNDECLARED_SELECTOR = YES;
				GCC_WARN_UNINITIALIZED_AUTOS = YES_AGGRESSIVE;
				GCC_WARN_UNUSED_FUNCTION = YES;
				GCC_WARN_UNUSED_VARIABLE = YES;
				IPHONEOS_DEPLOYMENT_TARGET = 8.2;
				MTL_ENABLE_DEBUG_INFO = NO;
				SDKROOT = iphoneos;
				VALIDATE_PRODUCT = YES;
			};
			name = Release;
		};
		E985114B1AB1F2E900F02181 /* Debug */ = {
			isa = XCBuildConfiguration;
			buildSettings = {
				ASSETCATALOG_COMPILER_APPICON_NAME = AppIcon;
				CODE_SIGN_IDENTITY = "iPhone Developer";
				INFOPLIST_FILE = jybook/Info.plist;
				LD_RUNPATH_SEARCH_PATHS = "$(inherited) @executable_path/Frameworks";
				PRODUCT_NAME = "金庸全集";
			};
			name = Debug;
		};
		E985114C1AB1F2E900F02181 /* Release */ = {
			isa = XCBuildConfiguration;
			buildSettings = {
				ASSETCATALOG_COMPILER_APPICON_NAME = AppIcon;
				CODE_SIGN_IDENTITY = "iPhone Developer";
				INFOPLIST_FILE = jybook/Info.plist;
				LD_RUNPATH_SEARCH_PATHS = "$(inherited) @executable_path/Frameworks";
				PRODUCT_NAME = "金庸全集";
			};
			name = Release;
		};
		E985114E1AB1F2E900F02181 /* Debug */ = {
			isa = XCBuildConfiguration;
			buildSettings = {
				BUNDLE_LOADER = "$(TEST_HOST)";
				FRAMEWORK_SEARCH_PATHS = (
					"$(SDKROOT)/Developer/Library/Frameworks",
					"$(inherited)",
				);
				GCC_PREPROCESSOR_DEFINITIONS = (
					"DEBUG=1",
					"$(inherited)",
				);
				INFOPLIST_FILE = jybookTests/Info.plist;
				LD_RUNPATH_SEARCH_PATHS = "$(inherited) @executable_path/Frameworks @loader_path/Frameworks";
				PRODUCT_NAME = "$(TARGET_NAME)";
				TEST_HOST = "$(BUILT_PRODUCTS_DIR)/jybook.app/jybook";
			};
			name = Debug;
		};
		E985114F1AB1F2E900F02181 /* Release */ = {
			isa = XCBuildConfiguration;
			buildSettings = {
				BUNDLE_LOADER = "$(TEST_HOST)";
				FRAMEWORK_SEARCH_PATHS = (
					"$(SDKROOT)/Developer/Library/Frameworks",
					"$(inherited)",
				);
				INFOPLIST_FILE = jybookTests/Info.plist;
				LD_RUNPATH_SEARCH_PATHS = "$(inherited) @executable_path/Frameworks @loader_path/Frameworks";
				PRODUCT_NAME = "$(TARGET_NAME)";
				TEST_HOST = "$(BUILT_PRODUCTS_DIR)/jybook.app/jybook";
			};
			name = Release;
		};
/* End XCBuildConfiguration section */

/* Begin XCConfigurationList section */
		E98511221AB1F2E900F02181 /* Build configuration list for PBXProject "jybook" */ = {
			isa = XCConfigurationList;
			buildConfigurations = (
				E98511481AB1F2E900F02181 /* Debug */,
				E98511491AB1F2E900F02181 /* Release */,
			);
			defaultConfigurationIsVisible = 0;
			defaultConfigurationName = Release;
		};
		E985114A1AB1F2E900F02181 /* Build configuration list for PBXNativeTarget "jybook" */ = {
			isa = XCConfigurationList;
			buildConfigurations = (
				E985114B1AB1F2E900F02181 /* Debug */,
				E985114C1AB1F2E900F02181 /* Release */,
			);
			defaultConfigurationIsVisible = 0;
			defaultConfigurationName = Release;
		};
		E985114D1AB1F2E900F02181 /* Build configuration list for PBXNativeTarget "jybookTests" */ = {
			isa = XCConfigurationList;
			buildConfigurations = (
				E985114E1AB1F2E900F02181 /* Debug */,
				E985114F1AB1F2E900F02181 /* Release */,
			);
			defaultConfigurationIsVisible = 0;
			defaultConfigurationName = Release;
		};
/* End XCConfigurationList section */
	};
	rootObject = E985111F1AB1F2E900F02181 /* Project object */;
}
